{
  "originHash" : "e0f7dce98b831518ab07aabe6bd429fbafb4112a7694b8da87ee13a3cf0dc94d",
  "pins" : [
    {
      "identity" : "mp4parser",
      "kind" : "remoteSourceControl",
      "location" : "https://github.com/cyber937/MP4Parser",
      "state" : {
        "branch" : "main",
        "revision" : "7720407d48c5dd6c0625f5a9f9fba50f7db3a886"
      }
    }
  ],
  "version" : 3
}
